
Microsoft Visual Studio Solution File, Format Version 12.00
# Visual Studio 15
VisualStudioVersion = 15.0.28307.757
MinimumVisualStudioVersion = 10.0.40219.1
Project("{FAE04EC0-301F-11D3-BF4B-00C04F79EFBC}") = "whydothis", "whydothis\whydothis.csproj", "{1261BDBC-AF20-4768-9893-04C6A273487E}"
EndProject
Global
	GlobalSection(SolutionConfigurationPlatforms) = preSolution
		Debug|Any CPU = Debug|Any CPU
		Release|Any CPU = Release|Any CPU
	EndGlobalSection
	GlobalSection(ProjectConfigurationPlatforms) = postSolution
		{1261BDBC-AF20-4768-9893-04C6A273487E}.Debug|Any CPU.ActiveCfg = Debug|Any CPU
		{1261BDBC-AF20-4768-9893-04C6A273487E}.Debug|Any CPU.Build.0 = Debug|Any CPU
		{1261BDBC-AF20-4768-9893-04C6A273487E}.Release|Any CPU.ActiveCfg = Release|Any CPU
		{1261BDBC-AF20-4768-9893-04C6A273487E}.Release|Any CPU.Build.0 = Release|Any CPU
	EndGlobalSection
	GlobalSection(SolutionProperties) = preSolution
		HideSolutionNode = FALSE
	EndGlobalSection
	GlobalSection(ExtensibilityGlobals) = postSolution
		SolutionGuid = {84FF4A77-3B09-4C7F-BA46-A1B7EC117FF2}
	EndGlobalSection
EndGlobal
